
Microsoft Visual Studio Solution File, Format Version 12.00
# Visual Studio Version 17
VisualStudioVersion = 17.0.31903.59
MinimumVisualStudioVersion = 10.0.40219.1
Project("{9A19103F-16F7-4668-BE54-9A1E7A4F7556}") = "PostDataStorage", "src\PostDataStorage\PostDataStorage.csproj", "{ED8D5099-BB58-42D7-9D7F-53292EE298FE}"
EndProject
Project("{FAE04EC0-301F-11D3-BF4B-00C04F79EFBC}") = "PostDatabase", "src\PostDatabase\PostDatabase.csproj", "{4CE8B380-1044-42BA-AF40-583FA1620043}"
EndProject
Global
	GlobalSection(SolutionConfigurationPlatforms) = preSolution
		Debug|Any CPU = Debug|Any CPU
		Release|Any CPU = Release|Any CPU
	EndGlobalSection
	GlobalSection(ProjectConfigurationPlatforms) = postSolution
		{ED8D5099-BB58-42D7-9D7F-53292EE298FE}.Debug|Any CPU.ActiveCfg = Debug|Any CPU
		{ED8D5099-BB58-42D7-9D7F-53292EE298FE}.Debug|Any CPU.Build.0 = Debug|Any CPU
		{ED8D5099-BB58-42D7-9D7F-53292EE298FE}.Release|Any CPU.ActiveCfg = Release|Any CPU
		{ED8D5099-BB58-42D7-9D7F-53292EE298FE}.Release|Any CPU.Build.0 = Release|Any CPU
		{4CE8B380-1044-42BA-AF40-583FA1620043}.Debug|Any CPU.ActiveCfg = Debug|Any CPU
		{4CE8B380-1044-42BA-AF40-583FA1620043}.Debug|Any CPU.Build.0 = Debug|Any CPU
		{4CE8B380-1044-42BA-AF40-583FA1620043}.Release|Any CPU.ActiveCfg = Release|Any CPU
		{4CE8B380-1044-42BA-AF40-583FA1620043}.Release|Any CPU.Build.0 = Release|Any CPU
	EndGlobalSection
	GlobalSection(SolutionProperties) = preSolution
		HideSolutionNode = FALSE
	EndGlobalSection
	GlobalSection(ExtensibilityGlobals) = postSolution
		SolutionGuid = {60983C73-1ACC-421F-9D55-AA913FDA68DC}
	EndGlobalSection
EndGlobal
